dependencies:
  espressif/cmake_utilities:
    component_hash: 351350613ceafba240b761b4ea991e0f231ac7a9f59a9ee901f751bddc0bb18f
    dependencies:
    - name: idf
      require: private
      version: '>=4.1'
    source:
      registry_url: https://components.espressif.com
      type: service
    version: 0.5.3
  espressif/esp_codec_dev:
    component_hash: 4779f31a3ba3f9b38aee1afe6ccb9ba8f6108dc3a6e77d39d7d714e9a215371b
    dependencies:
    - name: idf
      require: private
      version: '>=4.0'
    source:
      registry_url: https://components.espressif.com/
      type: service
    version: 1.6.2
  espressif/esp_lcd_co5300:
    component_hash: 21f84c5c825509ebacbddb379555b49092ae165b3e19f0edfbf6f8eff8aa036d
    dependencies:
    - name: espressif/cmake_utilities
      registry_url: https://components.espressif.com
      require: private
      version: 0.*
    - name: idf
      require: private
      version: '>=5.4'
    source:
      registry_url: https://components.espressif.com/
      type: service
    version: 2.1.0
  idf:
    source:
      type: idf
    version: 5.5.5
  waveshare/qmi8658:
    component_hash: b672b61491bd2c38dab2b62ebcd00d49b0947762c0c718608f3820fce28adfd8
    dependencies:
    - name: idf
      require: private
      version: '>=5.3.2'
    source:
      registry_url: https://components.espressif.com/
      type: service
    version: 2.0.0
direct_dependencies:
- espressif/esp_codec_dev
- espressif/esp_lcd_co5300
- idf
- waveshare/qmi8658
manifest_hash: d510a91458bde2c811942d4e963847217f0c6b6bbf1ecc4cd42662df70a4961d
target: esp32s3
version: 2.0.0
